
Microsoft Visual Studio Solution File, Format Version 12.00
# Visual Studio Version 16
VisualStudioVersion = 16.0.30011.22
MinimumVisualStudioVersion = 10.0.40219.1
Project("{9A19103F-16F7-4668-BE54-9A1E7A4F7556}") = "Server", "Server\Server.csproj", "{ABFAF822-8C28-4EAE-AD6F-2FFF82FE5AA4}"
EndProject
Project("{9A19103F-16F7-4668-BE54-9A1E7A4F7556}") = "TTMLibrary", "TTMLibrary\TTMLibrary.csproj", "{D7FF49F9-D53D-4753-B8C5-B7B002D46658}"
EndProject
Project("{9A19103F-16F7-4668-BE54-9A1E7A4F7556}") = "TTMClient", "TTMClient\TTMClient.csproj", "{C1F50BE3-9DC6-4188-8AEA-3B4B43A480EA}"
EndProject
Global
	GlobalSection(SolutionConfigurationPlatforms) = preSolution
		Debug|Any CPU = Debug|Any CPU
		Release|Any CPU = Release|Any CPU
	EndGlobalSection
	GlobalSection(ProjectConfigurationPlatforms) = postSolution
		{ABFAF822-8C28-4EAE-AD6F-2FFF82FE5AA4}.Debug|Any CPU.ActiveCfg = Debug|Any CPU
		{ABFAF822-8C28-4EAE-AD6F-2FFF82FE5AA4}.Debug|Any CPU.Build.0 = Debug|Any CPU
		{ABFAF822-8C28-4EAE-AD6F-2FFF82FE5AA4}.Release|Any CPU.ActiveCfg = Release|Any CPU
		{ABFAF822-8C28-4EAE-AD6F-2FFF82FE5AA4}.Release|Any CPU.Build.0 = Release|Any CPU
		{D7FF49F9-D53D-4753-B8C5-B7B002D46658}.Debug|Any CPU.ActiveCfg = Debug|Any CPU
		{D7FF49F9-D53D-4753-B8C5-B7B002D46658}.Debug|Any CPU.Build.0 = Debug|Any CPU
		{D7FF49F9-D53D-4753-B8C5-B7B002D46658}.Release|Any CPU.ActiveCfg = Release|Any CPU
		{D7FF49F9-D53D-4753-B8C5-B7B002D46658}.Release|Any CPU.Build.0 = Release|Any CPU
		{C1F50BE3-9DC6-4188-8AEA-3B4B43A480EA}.Debug|Any CPU.ActiveCfg = Debug|Any CPU
		{C1F50BE3-9DC6-4188-8AEA-3B4B43A480EA}.Debug|Any CPU.Build.0 = Debug|Any CPU
		{C1F50BE3-9DC6-4188-8AEA-3B4B43A480EA}.Release|Any CPU.ActiveCfg = Release|Any CPU
		{C1F50BE3-9DC6-4188-8AEA-3B4B43A480EA}.Release|Any CPU.Build.0 = Release|Any CPU
	EndGlobalSection
	GlobalSection(SolutionProperties) = preSolution
		HideSolutionNode = FALSE
	EndGlobalSection
	GlobalSection(ExtensibilityGlobals) = postSolution
		SolutionGuid = {80988474-48C5-48E0-8A99-2B63D36A4383}
	EndGlobalSection
EndGlobal
